
Microsoft Visual Studio Solution File, Format Version 12.00
# Visual Studio Version 16
VisualStudioVersion = 16.0.29613.14
MinimumVisualStudioVersion = 10.0.40219.1
Project("{FAE04EC0-301F-11D3-BF4B-00C04F79EFBC}") = "CoreWebApp", "CoreWebApp\CoreWebApp.csproj", "{2644CED1-DACB-4822-9697-229FE0DFC9BE}"
EndProject
Global
	GlobalSection(SolutionConfigurationPlatforms) = preSolution
		Debug|Any CPU = Debug|Any CPU
		Release|Any CPU = Release|Any CPU
	EndGlobalSection
	GlobalSection(ProjectConfigurationPlatforms) = postSolution
		{2644CED1-DACB-4822-9697-229FE0DFC9BE}.Debug|Any CPU.ActiveCfg = Debug|Any CPU
		{2644CED1-DACB-4822-9697-229FE0DFC9BE}.Debug|Any CPU.Build.0 = Debug|Any CPU
		{2644CED1-DACB-4822-9697-229FE0DFC9BE}.Release|Any CPU.ActiveCfg = Release|Any CPU
		{2644CED1-DACB-4822-9697-229FE0DFC9BE}.Release|Any CPU.Build.0 = Release|Any CPU
	EndGlobalSection
	GlobalSection(SolutionProperties) = preSolution
		HideSolutionNode = FALSE
	EndGlobalSection
	GlobalSection(ExtensibilityGlobals) = postSolution
		SolutionGuid = {B51322A1-4D52-4392-ADE8-50EC723302A5}
	EndGlobalSection
EndGlobal
